
Microsoft Visual Studio Solution File, Format Version 12.00
# Visual Studio Version 17
VisualStudioVersion = 17.11.35219.272
MinimumVisualStudioVersion = 10.0.40219.1
Project("{FAE04EC0-301F-11D3-BF4B-00C04F79EFBC}") = "Mini_Cs", "Mini_Cs.csproj", "{0FA7B7D4-D5FD-49F5-B446-EC0AB91318FE}"
EndProject
Global
	GlobalSection(SolutionConfigurationPlatforms) = preSolution
		Debug|Any CPU = Debug|Any CPU
		Release|Any CPU = Release|Any CPU
	EndGlobalSection
	GlobalSection(ProjectConfigurationPlatforms) = postSolution
		{0FA7B7D4-D5FD-49F5-B446-EC0AB91318FE}.Debug|Any CPU.ActiveCfg = Debug|Any CPU
		{0FA7B7D4-D5FD-49F5-B446-EC0AB91318FE}.Debug|Any CPU.Build.0 = Debug|Any CPU
		{0FA7B7D4-D5FD-49F5-B446-EC0AB91318FE}.Release|Any CPU.ActiveCfg = Release|Any CPU
		{0FA7B7D4-D5FD-49F5-B446-EC0AB91318FE}.Release|Any CPU.Build.0 = Release|Any CPU
	EndGlobalSection
	GlobalSection(SolutionProperties) = preSolution
		HideSolutionNode = FALSE
	EndGlobalSection
	GlobalSection(ExtensibilityGlobals) = postSolution
		SolutionGuid = {F4B5C629-1AF1-4377-832A-7764ADE08A4C}
	EndGlobalSection
EndGlobal
